// !$*UTF8*$!
{
	archiveVersion = 1;
	classes = {
	};
	objectVersion = 46;
	objects = {

/* Begin PBXBuildFile section */
		5B5732E61DE8371A00B57F98 /* AppDelegate.swift in Sources */ = {isa = PBXBuildFile; fileRef = 5B5732E51DE8371A00B57F98 /* AppDelegate.swift */; };
		5B5732E81DE8371A00B57F98 /* VideoRecordViewController+Bluetooth.swift in Sources */ = {isa = PBXBuildFile; fileRef = 5B5732E71DE8371A00B57F98 /* VideoRecordViewController+Bluetooth.swift */; };
		5B5732EB1DE8371A00B57F98 /* Main.storyboard in Resources */ = {isa = PBXBuildFile; fileRef = 5B5732E91DE8371A00B57F98 /* Main.storyboard */; };
		5B5732ED1DE8371A00B57F98 /* Assets.xcassets in Resources */ = {isa = PBXBuildFile; fileRef = 5B5732EC1DE8371A00B57F98 /* Assets.xcassets */; };
		5B5732F01DE8371A00B57F98 /* LaunchScreen.storyboard in Resources */ = {isa = PBXBuildFile; fileRef = 5B5732EE1DE8371A00B57F98 /* LaunchScreen.storyboard */; };
		5B5732F81DE83F6B00B57F98 /* VideoRecordViewController.swift in Sources */ = {isa = PBXBuildFile; fileRef = 5B5732F71DE83F6B00B57F98 /* VideoRecordViewController.swift */; };
		5B5733011DE8475100B57F98 /* R.generated.swift in Sources */ = {isa = PBXBuildFile; fileRef = 5B5733001DE8475100B57F98 /* R.generated.swift */; };
		D647C93901C223229597AD23 /* Pods_app.framework in Frameworks */ = {isa = PBXBuildFile; fileRef = AA5BC1AF8A5926E871FC6B67 /* Pods_app.framework */; };
		E2A08B2D1DE98623001CDCC9 /* GoogleService-Info.plist in Resources */ = {isa = PBXBuildFile; fileRef = E2A08B2C1DE98623001CDCC9 /* GoogleService-Info.plist */; };
		E2A08B2F1DE986E8001CDCC9 /* VideoRecordViewController+Remote.swift in Sources */ = {isa = PBXBuildFile; fileRef = E2A08B2E1DE986E8001CDCC9 /* VideoRecordViewController+Remote.swift */; };
		E2A08B311DE99614001CDCC9 /* RemoteViewController.swift in Sources */ = {isa = PBXBuildFile; fileRef = E2A08B301DE99614001CDCC9 /* RemoteViewController.swift */; };
/* End PBXBuildFile section */

/* Begin PBXFileReference section */
		5B5732E21DE8371A00B57F98 /* app.app */ = {isa = PBXFileReference; explicitFileType = wrapper.application; includeInIndex = 0; path = app.app; sourceTree = BUILT_PRODUCTS_DIR; };
		5B5732E51DE8371A00B57F98 /* AppDelegate.swift */ = {isa = PBXFileReference; lastKnownFileType = sourcecode.swift; path = AppDelegate.swift; sourceTree = "<group>"; };
		5B5732E71DE8371A00B57F98 /* VideoRecordViewController+Bluetooth.swift */ = {isa = PBXFileReference; lastKnownFileType = sourcecode.swift; path = "VideoRecordViewController+Bluetooth.swift"; sourceTree = "<group>"; };
		5B5732EA1DE8371A00B57F98 /* Base */ = {isa = PBXFileReference; lastKnownFileType = file.storyboard; name = Base; path = Base.lproj/Main.storyboard; sourceTree = "<group>"; };
		5B5732EC1DE8371A00B57F98 /* Assets.xcassets */ = {isa = PBXFileReference; lastKnownFileType = folder.assetcatalog; path = Assets.xcassets; sourceTree = "<group>"; };
		5B5732EF1DE8371A00B57F98 /* Base */ = {isa = PBXFileReference; lastKnownFileType = file.storyboard; name = Base; path = Base.lproj/LaunchScreen.storyboard; sourceTree = "<group>"; };
		5B5732F11DE8371A00B57F98 /* Info.plist */ = {isa = PBXFileReference; lastKnownFileType = text.plist.xml; path = Info.plist; sourceTree = "<group>"; };
		5B5732F71DE83F6B00B57F98 /* VideoRecordViewController.swift */ = {isa = PBXFileReference; fileEncoding = 4; lastKnownFileType = sourcecode.swift; path = VideoRecordViewController.swift; sourceTree = "<group>"; };
		5B5733001DE8475100B57F98 /* R.generated.swift */ = {isa = PBXFileReference; fileEncoding = 4; lastKnownFileType = sourcecode.swift; path = R.generated.swift; sourceTree = "<group>"; };
		6C1578021101A8DAB3A7C6FE /* Pods-app.release.xcconfig */ = {isa = PBXFileReference; includeInIndex = 1; lastKnownFileType = text.xcconfig; name = "Pods-app.release.xcconfig"; path = "Pods/Target Support Files/Pods-app/Pods-app.release.xcconfig"; sourceTree = "<group>"; };
		98569065B6FB581585B320A1 /* Pods-app.debug.xcconfig */ = {isa = PBXFileReference; includeInIndex = 1; lastKnownFileType = text.xcconfig; name = "Pods-app.debug.xcconfig"; path = "Pods/Target Support Files/Pods-app/Pods-app.debug.xcconfig"; sourceTree = "<group>"; };
		AA5BC1AF8A5926E871FC6B67 /* Pods_app.framework */ = {isa = PBXFileReference; explicitFileType = wrapper.framework; includeInIndex = 0; path = Pods_app.framework; sourceTree = BUILT_PRODUCTS_DIR; };
		E2A08B2C1DE98623001CDCC9 /* GoogleService-Info.plist */ = {isa = PBXFileReference; fileEncoding = 4; lastKnownFileType = text.plist.xml; path = "GoogleService-Info.plist"; sourceTree = "<group>"; };
		E2A08B2E1DE986E8001CDCC9 /* VideoRecordViewController+Remote.swift */ = {isa = PBXFileReference; fileEncoding = 4; lastKnownFileType = sourcecode.swift; path = "VideoRecordViewController+Remote.swift"; sourceTree = "<group>"; };
		E2A08B301DE99614001CDCC9 /* RemoteViewController.swift */ = {isa = PBXFileReference; fileEncoding = 4; lastKnownFileType = sourcecode.swift; path = RemoteViewController.swift; sourceTree = "<group>"; };
/* End PBXFileReference section */

/* Begin PBXFrameworksBuildPhase section */
		5B5732DF1DE8371A00B57F98 /* Frameworks */ = {
			isa = PBXFrameworksBuildPhase;
			buildActionMask = 2147483647;
			files = (
				D647C93901C223229597AD23 /* Pods_app.framework in Frameworks */,
			);
			runOnlyForDeploymentPostprocessing = 0;
		};
/* End PBXFrameworksBuildPhase section */

/* Begin PBXGroup section */
		040CE0647EFB63CB6359B56B /* Frameworks */ = {
			isa = PBXGroup;
			children = (
				AA5BC1AF8A5926E871FC6B67 /* Pods_app.framework */,
			);
			name = Frameworks;
			sourceTree = "<group>";
		};
		5B5732D91DE8371A00B57F98 = {
			isa = PBXGroup;
			children = (
				5B5732E41DE8371A00B57F98 /* app */,
				5B5732E31DE8371A00B57F98 /* Products */,
				5E018E7F512CC2463F1D9F5F /* Pods */,
				040CE0647EFB63CB6359B56B /* Frameworks */,
			);
			sourceTree = "<group>";
		};
		5B5732E31DE8371A00B57F98 /* Products */ = {
			isa = PBXGroup;
			children = (
				5B5732E21DE8371A00B57F98 /* app.app */,
			);
			name = Products;
			sourceTree = "<group>";
		};
		5B5732E41DE8371A00B57F98 /* app */ = {
			isa = PBXGroup;
			children = (
				5B5732E51DE8371A00B57F98 /* AppDelegate.swift */,
				5B5732EC1DE8371A00B57F98 /* Assets.xcassets */,
				E2A08B2C1DE98623001CDCC9 /* GoogleService-Info.plist */,
				5B5732F11DE8371A00B57F98 /* Info.plist */,
				5B5732EE1DE8371A00B57F98 /* LaunchScreen.storyboard */,
				5B5732E91DE8371A00B57F98 /* Main.storyboard */,
				5B5733001DE8475100B57F98 /* R.generated.swift */,
				5B5732F71DE83F6B00B57F98 /* VideoRecordViewController.swift */,
				5B5732E71DE8371A00B57F98 /* VideoRecordViewController+Bluetooth.swift */,
				E2A08B2E1DE986E8001CDCC9 /* VideoRecordViewController+Remote.swift */,
				E2A08B301DE99614001CDCC9 /* RemoteViewController.swift */,
			);
			path = app;
			sourceTree = "<group>";
		};
		5E018E7F512CC2463F1D9F5F /* Pods */ = {
			isa = PBXGroup;
			children = (
				98569065B6FB581585B320A1 /* Pods-app.debug.xcconfig */,
				6C1578021101A8DAB3A7C6FE /* Pods-app.release.xcconfig */,
			);
			name = Pods;
			sourceTree = "<group>";
		};
/* End PBXGroup section */

/* Begin PBXNativeTarget section */
		5B5732E11DE8371A00B57F98 /* app */ = {
			isa = PBXNativeTarget;
			buildConfigurationList = 5B5732F41DE8371A00B57F98 /* Build configuration list for PBXNativeTarget "app" */;
			buildPhases = (
				E1FBBC54DF44F5F40C552869 /* [CP] Check Pods Manifest.lock */,
				5B5732FF1DE8468200B57F98 /* ShellScript */,
				5B5732DE1DE8371A00B57F98 /* Sources */,
				5B5732DF1DE8371A00B57F98 /* Frameworks */,
				5B5732E01DE8371A00B57F98 /* Resources */,
				74BA4CE3EFFBFBDCF97E8F90 /* [CP] Embed Pods Frameworks */,
				0D487B10D8F8D0BF2DFB0EF1 /* [CP] Copy Pods Resources */,
			);
			buildRules = (
			);
			dependencies = (
			);
			name = app;
			productName = app;
			productReference = 5B5732E21DE8371A00B57F98 /* app.app */;
			productType = "com.apple.product-type.application";
		};
/* End PBXNativeTarget section */

/* Begin PBXProject section */
		5B5732DA1DE8371A00B57F98 /* Project object */ = {
			isa = PBXProject;
			attributes = {
				LastSwiftUpdateCheck = 0810;
				LastUpgradeCheck = 0810;
				ORGANIZATIONNAME = "Jaap Mengers";
				TargetAttributes = {
					5B5732E11DE8371A00B57F98 = {
						CreatedOnToolsVersion = 8.1;
						DevelopmentTeam = LC3Y92HQQ3;
						ProvisioningStyle = Automatic;
					};
				};
			};
			buildConfigurationList = 5B5732DD1DE8371A00B57F98 /* Build configuration list for PBXProject "app" */;
			compatibilityVersion = "Xcode 3.2";
			developmentRegion = English;
			hasScannedForEncodings = 0;
			knownRegions = (
				en,
				Base,
			);
			mainGroup = 5B5732D91DE8371A00B57F98;
			productRefGroup = 5B5732E31DE8371A00B57F98 /* Products */;
			projectDirPath = "";
			projectRoot = "";
			targets = (
				5B5732E11DE8371A00B57F98 /* app */,
			);
		};
/* End PBXProject section */

/* Begin PBXResourcesBuildPhase section */
		5B5732E01DE8371A00B57F98 /* Resources */ = {
			isa = PBXResourcesBuildPhase;
			buildActionMask = 2147483647;
			files = (
				5B5732F01DE8371A00B57F98 /* LaunchScreen.storyboard in Resources */,
				E2A08B2D1DE98623001CDCC9 /* GoogleService-Info.plist in Resources */,
				5B5732ED1DE8371A00B57F98 /* Assets.xcassets in Resources */,
				5B5732EB1DE8371A00B57F98 /* Main.storyboard in Resources */,
			);
			runOnlyForDeploymentPostprocessing = 0;
		};
/* End PBXResourcesBuildPhase section */

/* Begin PBXShellScriptBuildPhase section */
		0D487B10D8F8D0BF2DFB0EF1 /* [CP] Copy Pods Resources */ = {
			isa = PBXShellScriptBuildPhase;
			buildActionMask = 2147483647;
			files = (
			);
			inputPaths = (
			);
			name = "[CP] Copy Pods Resources";
			outputPaths = (
			);
			runOnlyForDeploymentPostprocessing = 0;
			shellPath = /bin/sh;
			shellScript = "\"${SRCROOT}/Pods/Target Support Files/Pods-app/Pods-app-resources.sh\"\n";
			showEnvVarsInLog = 0;
		};
		5B5732FF1DE8468200B57F98 /* ShellScript */ = {
			isa = PBXShellScriptBuildPhase;
			buildActionMask = 2147483647;
			files = (
			);
			inputPaths = (
			);
			outputPaths = (
			);
			runOnlyForDeploymentPostprocessing = 0;
			shellPath = /bin/sh;
			shellScript = "\"$PODS_ROOT/R.swift/rswift\" \"$SRCROOT\"";
		};
		74BA4CE3EFFBFBDCF97E8F90 /* [CP] Embed Pods Frameworks */ = {
			isa = PBXShellScriptBuildPhase;
			buildActionMask = 2147483647;
			files = (
			);
			inputPaths = (
			);
			name = "[CP] Embed Pods Frameworks";
			outputPaths = (
			);
			runOnlyForDeploymentPostprocessing = 0;
			shellPath = /bin/sh;
			shellScript = "\"${SRCROOT}/Pods/Target Support Files/Pods-app/Pods-app-frameworks.sh\"\n";
			showEnvVarsInLog = 0;
		};
		E1FBBC54DF44F5F40C552869 /* [CP] Check Pods Manifest.lock */ = {
			isa = PBXShellScriptBuildPhase;
			buildActionMask = 2147483647;
			files = (
			);
			inputPaths = (
			);
			name = "[CP] Check Pods Manifest.lock";
			outputPaths = (
			);
			runOnlyForDeploymentPostprocessing = 0;
			shellPath = /bin/sh;
			shellScript = "diff \"${PODS_ROOT}/../Podfile.lock\" \"${PODS_ROOT}/Manifest.lock\" > /dev/null\nif [ $? != 0 ] ; then\n    # print error to STDERR\n    echo \"error: The sandbox is not in sync with the Podfile.lock. Run 'pod install' or update your CocoaPods installation.\" >&2\n    exit 1\nfi\n";
			showEnvVarsInLog = 0;
		};
/* End PBXShellScriptBuildPhase section */

/* Begin PBXSourcesBuildPhase section */
		5B5732DE1DE8371A00B57F98 /* Sources */ = {
			isa = PBXSourcesBuildPhase;
			buildActionMask = 2147483647;
			files = (
				5B5732E81DE8371A00B57F98 /* VideoRecordViewController+Bluetooth.swift in Sources */,
				E2A08B2F1DE986E8001CDCC9 /* VideoRecordViewController+Remote.swift in Sources */,
				5B5733011DE8475100B57F98 /* R.generated.swift in Sources */,
				5B5732E61DE8371A00B57F98 /* AppDelegate.swift in Sources */,
				E2A08B311DE99614001CDCC9 /* RemoteViewController.swift in Sources */,
				5B5732F81DE83F6B00B57F98 /* VideoRecordViewController.swift in Sources */,
			);
			runOnlyForDeploymentPostprocessing = 0;
		};
/* End PBXSourcesBuildPhase section */

/* Begin PBXVariantGroup section */
		5B5732E91DE8371A00B57F98 /* Main.storyboard */ = {
			isa = PBXVariantGroup;
			children = (
				5B5732EA1DE8371A00B57F98 /* Base */,
			);
			name = Main.storyboard;
			sourceTree = "<group>";
		};
		5B5732EE1DE8371A00B57F98 /* LaunchScreen.storyboard */ = {
			isa = PBXVariantGroup;
			children = (
				5B5732EF1DE8371A00B57F98 /* Base */,
			);
			name = LaunchScreen.storyboard;
			sourceTree = "<group>";
		};
/* End PBXVariantGroup section */

/* Begin XCBuildConfiguration section */
		5B5732F21DE8371A00B57F98 /* Debug */ = {
			isa = XCBuildConfiguration;
			buildSettings = {
				ALWAYS_SEARCH_USER_PATHS = NO;
				CLANG_ANALYZER_NONNULL = YES;
				CLANG_CXX_LANGUAGE_STANDARD = "gnu++0x";
				CLANG_CXX_LIBRARY = "libc++";
				CLANG_ENABLE_MODULES = YES;
				CLANG_ENABLE_OBJC_ARC = YES;
				CLANG_WARN_BOOL_CONVERSION = YES;
				CLANG_WARN_CONSTANT_CONVERSION = YES;
				CLANG_WARN_DIRECT_OBJC_ISA_USAGE = YES_ERROR;
				CLANG_WARN_DOCUMENTATION_COMMENTS = YES;
				CLANG_WARN_EMPTY_BODY = YES;
				CLANG_WARN_ENUM_CONVERSION = YES;
				CLANG_WARN_INFINITE_RECURSION = YES;
				CLANG_WARN_INT_CONVERSION = YES;
				CLANG_WARN_OBJC_ROOT_CLASS = YES_ERROR;
				CLANG_WARN_SUSPICIOUS_MOVES = YES;
				CLANG_WARN_UNREACHABLE_CODE = YES;
				CLANG_WARN__DUPLICATE_METHOD_MATCH = YES;
				"CODE_SIGN_IDENTITY[sdk=iphoneos*]" = "iPhone Developer";
				COPY_PHASE_STRIP = NO;
				DEBUG_INFORMATION_FORMAT = dwarf;
				ENABLE_STRICT_OBJC_MSGSEND = YES;
				ENABLE_TESTABILITY = YES;
				GCC_C_LANGUAGE_STANDARD = gnu99;
				GCC_DYNAMIC_NO_PIC = NO;
				GCC_NO_COMMON_BLOCKS = YES;
				GCC_OPTIMIZATION_LEVEL = 0;
				GCC_PREPROCESSOR_DEFINITIONS = (
					"DEBUG=1",
					"$(inherited)",
				);
				GCC_WARN_64_TO_32_BIT_CONVERSION = YES;
				GCC_WARN_ABOUT_RETURN_TYPE = YES_ERROR;
				GCC_WARN_UNDECLARED_SELECTOR = YES;
				GCC_WARN_UNINITIALIZED_AUTOS = YES_AGGRESSIVE;
				GCC_WARN_UNUSED_FUNCTION = YES;
				GCC_WARN_UNUSED_VARIABLE = YES;
				IPHONEOS_DEPLOYMENT_TARGET = 10.1;
				MTL_ENABLE_DEBUG_INFO = YES;
				ONLY_ACTIVE_ARCH = YES;
				SDKROOT = iphoneos;
				SWIFT_ACTIVE_COMPILATION_CONDITIONS = DEBUG;
				SWIFT_OPTIMIZATION_LEVEL = "-Onone";
			};
			name = Debug;
		};
		5B5732F31DE8371A00B57F98 /* Release */ = {
			isa = XCBuildConfiguration;
			buildSettings = {
				ALWAYS_SEARCH_USER_PATHS = NO;
				CLANG_ANALYZER_NONNULL = YES;
				CLANG_CXX_LANGUAGE_STANDARD = "gnu++0x";
				CLANG_CXX_LIBRARY = "libc++";
				CLANG_ENABLE_MODULES = YES;
				CLANG_ENABLE_OBJC_ARC = YES;
				CLANG_WARN_BOOL_CONVERSION = YES;
				CLANG_WARN_CONSTANT_CONVERSION = YES;
				CLANG_WARN_DIRECT_OBJC_ISA_USAGE = YES_ERROR;
				CLANG_WARN_DOCUMENTATION_COMMENTS = YES;
				CLANG_WARN_EMPTY_BODY = YES;
				CLANG_WARN_ENUM_CONVERSION = YES;
				CLANG_WARN_INFINITE_RECURSION = YES;
				CLANG_WARN_INT_CONVERSION = YES;
				CLANG_WARN_OBJC_ROOT_CLASS = YES_ERROR;
				CLANG_WARN_SUSPICIOUS_MOVES = YES;
				CLANG_WARN_UNREACHABLE_CODE = YES;
				CLANG_WARN__DUPLICATE_METHOD_MATCH = YES;
				"CODE_SIGN_IDENTITY[sdk=iphoneos*]" = "iPhone Developer";
				COPY_PHASE_STRIP = NO;
				DEBUG_INFORMATION_FORMAT = "dwarf-with-dsym";
				ENABLE_NS_ASSERTIONS = NO;
				ENABLE_STRICT_OBJC_MSGSEND = YES;
				GCC_C_LANGUAGE_STANDARD = gnu99;
				GCC_NO_COMMON_BLOCKS = YES;
				GCC_WARN_64_TO_32_BIT_CONVERSION = YES;
				GCC_WARN_ABOUT_RETURN_TYPE = YES_ERROR;
				GCC_WARN_UNDECLARED_SELECTOR = YES;
				GCC_WARN_UNINITIALIZED_AUTOS = YES_AGGRESSIVE;
				GCC_WARN_UNUSED_FUNCTION = YES;
				GCC_WARN_UNUSED_VARIABLE = YES;
				IPHONEOS_DEPLOYMENT_TARGET = 10.1;
				MTL_ENABLE_DEBUG_INFO = NO;
				SDKROOT = iphoneos;
				SWIFT_OPTIMIZATION_LEVEL = "-Owholemodule";
				VALIDATE_PRODUCT = YES;
			};
			name = Release;
		};
		5B5732F51DE8371A00B57F98 /* Debug */ = {
			isa = XCBuildConfiguration;
			baseConfigurationReference = 98569065B6FB581585B320A1 /* Pods-app.debug.xcconfig */;
			buildSettings = {
				ASSETCATALOG_COMPILER_APPICON_NAME = AppIcon;
				DEVELOPMENT_TEAM = LC3Y92HQQ3;
				INFOPLIST_FILE = app/Info.plist;
				LD_RUNPATH_SEARCH_PATHS = "$(inherited) @executable_path/Frameworks";
				PRODUCT_BUNDLE_IDENTIFIER = jaap.mengers.app;
				PRODUCT_NAME = "$(TARGET_NAME)";
				SWIFT_VERSION = 3.0.1;
			};
			name = Debug;
		};
		5B5732F61DE8371A00B57F98 /* Release */ = {
			isa = XCBuildConfiguration;
			baseConfigurationReference = 6C1578021101A8DAB3A7C6FE /* Pods-app.release.xcconfig */;
			buildSettings = {
				ASSETCATALOG_COMPILER_APPICON_NAME = AppIcon;
				DEVELOPMENT_TEAM = LC3Y92HQQ3;
				INFOPLIST_FILE = app/Info.plist;
				LD_RUNPATH_SEARCH_PATHS = "$(inherited) @executable_path/Frameworks";
				PRODUCT_BUNDLE_IDENTIFIER = jaap.mengers.app;
				PRODUCT_NAME = "$(TARGET_NAME)";
				SWIFT_VERSION = 3.0.1;
			};
			name = Release;
		};
/* End XCBuildConfiguration section */

/* Begin XCConfigurationList section */
		5B5732DD1DE8371A00B57F98 /* Build configuration list for PBXProject "app" */ = {
			isa = XCConfigurationList;
			buildConfigurations = (
				5B5732F21DE8371A00B57F98 /* Debug */,
				5B5732F31DE8371A00B57F98 /* Release */,
			);
			defaultConfigurationIsVisible = 0;
			defaultConfigurationName = Release;
		};
		5B5732F41DE8371A00B57F98 /* Build configuration list for PBXNativeTarget "app" */ = {
			isa = XCConfigurationList;
			buildConfigurations = (
				5B5732F51DE8371A00B57F98 /* Debug */,
				5B5732F61DE8371A00B57F98 /* Release */,
			);
			defaultConfigurationIsVisible = 0;
			defaultConfigurationName = Release;
		};
/* End XCConfigurationList section */
	};
	rootObject = 5B5732DA1DE8371A00B57F98 /* Project object */;
}
